
Microsoft Visual Studio Solution File, Format Version 12.00
# Visual Studio Version 18
VisualStudioVersion = 18.6.11828.311 oobstable
MinimumVisualStudioVersion = 10.0.40219.1
Project("{FAE04EC0-301F-11D3-BF4B-00C04F79EFBC}") = "kursovaya 3.0", "kursovaya 3.0\kursovaya 3.0.csproj", "{9ACB2E57-03A1-40B4-A484-6E8FCC07A1D1}"
EndProject
Global
	GlobalSection(SolutionConfigurationPlatforms) = preSolution
		Debug|Any CPU = Debug|Any CPU
		Release|Any CPU = Release|Any CPU
	EndGlobalSection
	GlobalSection(ProjectConfigurationPlatforms) = postSolution
		{9ACB2E57-03A1-40B4-A484-6E8FCC07A1D1}.Debug|Any CPU.ActiveCfg = Debug|Any CPU
		{9ACB2E57-03A1-40B4-A484-6E8FCC07A1D1}.Debug|Any CPU.Build.0 = Debug|Any CPU
		{9ACB2E57-03A1-40B4-A484-6E8FCC07A1D1}.Release|Any CPU.ActiveCfg = Release|Any CPU
		{9ACB2E57-03A1-40B4-A484-6E8FCC07A1D1}.Release|Any CPU.Build.0 = Release|Any CPU
	EndGlobalSection
	GlobalSection(SolutionProperties) = preSolution
		HideSolutionNode = FALSE
	EndGlobalSection
	GlobalSection(ExtensibilityGlobals) = postSolution
		SolutionGuid = {7171A151-EB1E-4954-9F56-892A3A287ECE}
	EndGlobalSection
EndGlobal
